
Microsoft Visual Studio Solution File, Format Version 12.00
# Visual Studio Version 16
VisualStudioVersion = 16.0.30413.136
MinimumVisualStudioVersion = 10.0.40219.1
Project("{FAE04EC0-301F-11D3-BF4B-00C04F79EFBC}") = "Find_Your_Petrol1", "Find_Your_Petrol1\Find_Your_Petrol1.csproj", "{C0E32E37-6329-4C64-825E-A7FF8F5F7324}"
EndProject
Project("{E53339B2-1760-4266-BCC7-CA923CBCF16C}") = "docker-compose", "docker-compose.dcproj", "{6578E335-D49A-486D-9D41-6BF7AF2B52F8}"
EndProject
Global
	GlobalSection(SolutionConfigurationPlatforms) = preSolution
		Debug|Any CPU = Debug|Any CPU
		Release|Any CPU = Release|Any CPU
	EndGlobalSection
	GlobalSection(ProjectConfigurationPlatforms) = postSolution
		{C0E32E37-6329-4C64-825E-A7FF8F5F7324}.Debug|Any CPU.ActiveCfg = Debug|Any CPU
		{C0E32E37-6329-4C64-825E-A7FF8F5F7324}.Debug|Any CPU.Build.0 = Debug|Any CPU
		{C0E32E37-6329-4C64-825E-A7FF8F5F7324}.Release|Any CPU.ActiveCfg = Release|Any CPU
		{C0E32E37-6329-4C64-825E-A7FF8F5F7324}.Release|Any CPU.Build.0 = Release|Any CPU
		{6578E335-D49A-486D-9D41-6BF7AF2B52F8}.Debug|Any CPU.ActiveCfg = Debug|Any CPU
		{6578E335-D49A-486D-9D41-6BF7AF2B52F8}.Debug|Any CPU.Build.0 = Debug|Any CPU
		{6578E335-D49A-486D-9D41-6BF7AF2B52F8}.Release|Any CPU.ActiveCfg = Release|Any CPU
		{6578E335-D49A-486D-9D41-6BF7AF2B52F8}.Release|Any CPU.Build.0 = Release|Any CPU
	EndGlobalSection
	GlobalSection(SolutionProperties) = preSolution
		HideSolutionNode = FALSE
	EndGlobalSection
	GlobalSection(ExtensibilityGlobals) = postSolution
		SolutionGuid = {1F3F8809-E3F7-4C14-BECA-A62D1E47F3EB}
	EndGlobalSection
EndGlobal
